
Microsoft Visual Studio Solution File, Format Version 12.00
# Visual Studio Version 17
VisualStudioVersion = 17.4.33103.184
MinimumVisualStudioVersion = 10.0.40219.1
Project("{FAE04EC0-301F-11D3-BF4B-00C04F79EFBC}") = "com.etsoo.ApiProxy", "com.etsoo.ApiProxy\com.etsoo.ApiProxy.csproj", "{7C2891B5-E0EE-488E-8D69-DC8F77AF86C2}"
EndProject
Project("{FAE04EC0-301F-11D3-BF4B-00C04F79EFBC}") = "com.etsoo.ApiProxyTests", "com.etsoo.ApiProxyTests\com.etsoo.ApiProxyTests.csproj", "{5D2C4E62-2774-47E5-9313-3E5F78606ACA}"
EndProject
Project("{FAE04EC0-301F-11D3-BF4B-00C04F79EFBC}") = "com.etsoo.ApiModel", "com.etsoo.ApiModel\com.etsoo.ApiModel.csproj", "{86C990CF-391F-4750-B4CC-9ADCFE863D52}"
EndProject
Global
	GlobalSection(SolutionConfigurationPlatforms) = preSolution
		Debug|Any CPU = Debug|Any CPU
		Release|Any CPU = Release|Any CPU
	EndGlobalSection
	GlobalSection(ProjectConfigurationPlatforms) = postSolution
		{7C2891B5-E0EE-488E-8D69-DC8F77AF86C2}.Debug|Any CPU.ActiveCfg = Debug|Any CPU
		{7C2891B5-E0EE-488E-8D69-DC8F77AF86C2}.Debug|Any CPU.Build.0 = Debug|Any CPU
		{7C2891B5-E0EE-488E-8D69-DC8F77AF86C2}.Release|Any CPU.ActiveCfg = Release|Any CPU
		{7C2891B5-E0EE-488E-8D69-DC8F77AF86C2}.Release|Any CPU.Build.0 = Release|Any CPU
		{5D2C4E62-2774-47E5-9313-3E5F78606ACA}.Debug|Any CPU.ActiveCfg = Debug|Any CPU
		{5D2C4E62-2774-47E5-9313-3E5F78606ACA}.Debug|Any CPU.Build.0 = Debug|Any CPU
		{5D2C4E62-2774-47E5-9313-3E5F78606ACA}.Release|Any CPU.ActiveCfg = Release|Any CPU
		{5D2C4E62-2774-47E5-9313-3E5F78606ACA}.Release|Any CPU.Build.0 = Release|Any CPU
		{86C990CF-391F-4750-B4CC-9ADCFE863D52}.Debug|Any CPU.ActiveCfg = Debug|Any CPU
		{86C990CF-391F-4750-B4CC-9ADCFE863D52}.Debug|Any CPU.Build.0 = Debug|Any CPU
		{86C990CF-391F-4750-B4CC-9ADCFE863D52}.Release|Any CPU.ActiveCfg = Release|Any CPU
		{86C990CF-391F-4750-B4CC-9ADCFE863D52}.Release|Any CPU.Build.0 = Release|Any CPU
	EndGlobalSection
	GlobalSection(SolutionProperties) = preSolution
		HideSolutionNode = FALSE
	EndGlobalSection
	GlobalSection(ExtensibilityGlobals) = postSolution
		SolutionGuid = {97BE2E8F-3440-4746-924B-70D122ABAF8E}
	EndGlobalSection
EndGlobal
